// !$*UTF8*$!
{
	archiveVersion = 1;
	classes = {
	};
	objectVersion = 48;
	objects = {

/* Begin PBXBuildFile section */
		0FB9A07A20D6DC1C00C57EF0 /* AppDelegate.swift in Sources */ = {isa = PBXBuildFile; fileRef = 0FB9A07720D6DC1B00C57EF0 /* AppDelegate.swift */; };
		0FB9A07C20D6DC1C00C57EF0 /* ViewController.swift in Sources */ = {isa = PBXBuildFile; fileRef = 0FB9A07920D6DC1C00C57EF0 /* ViewController.swift */; };
		0FB9A08320D6DC1C00C57EF0 /* ScaleInFlowAttributes.swift in Sources */ = {isa = PBXBuildFile; fileRef = 0FB9A07E20D6DC1C00C57EF0 /* ScaleInFlowAttributes.swift */; };
		0FB9A08420D6DC1C00C57EF0 /* BaseController.swift in Sources */ = {isa = PBXBuildFile; fileRef = 0FB9A07F20D6DC1C00C57EF0 /* BaseController.swift */; };
		0FB9A08520D6DC1C00C57EF0 /* ScaleInFlowLayout.swift in Sources */ = {isa = PBXBuildFile; fileRef = 0FB9A08020D6DC1C00C57EF0 /* ScaleInFlowLayout.swift */; };
		0FB9A08620D6DC1C00C57EF0 /* DynamicAnimatorLayout.swift in Sources */ = {isa = PBXBuildFile; fileRef = 0FB9A08120D6DC1C00C57EF0 /* DynamicAnimatorLayout.swift */; };
		0FB9A08720D6DC1C00C57EF0 /* ScalingCell.swift in Sources */ = {isa = PBXBuildFile; fileRef = 0FB9A08220D6DC1C00C57EF0 /* ScalingCell.swift */; };
		0FB9A08D20D6DC2600C57EF0 /* Assets.xcassets in Resources */ = {isa = PBXBuildFile; fileRef = 0FB9A08920D6DC2600C57EF0 /* Assets.xcassets */; };
		0FB9A08E20D6DC2600C57EF0 /* LaunchScreen.storyboard in Resources */ = {isa = PBXBuildFile; fileRef = 0FB9A08A20D6DC2600C57EF0 /* LaunchScreen.storyboard */; };
/* End PBXBuildFile section */

/* Begin PBXFileReference section */
		0FB9A07720D6DC1B00C57EF0 /* AppDelegate.swift */ = {isa = PBXFileReference; fileEncoding = 4; lastKnownFileType = sourcecode.swift; name = AppDelegate.swift; path = Source/AppDelegate.swift; sourceTree = SOURCE_ROOT; };
		0FB9A07920D6DC1C00C57EF0 /* ViewController.swift */ = {isa = PBXFileReference; fileEncoding = 4; lastKnownFileType = sourcecode.swift; name = ViewController.swift; path = Source/ViewController.swift; sourceTree = SOURCE_ROOT; };
		0FB9A07E20D6DC1C00C57EF0 /* ScaleInFlowAttributes.swift */ = {isa = PBXFileReference; fileEncoding = 4; lastKnownFileType = sourcecode.swift; path = ScaleInFlowAttributes.swift; sourceTree = "<group>"; };
		0FB9A07F20D6DC1C00C57EF0 /* BaseController.swift */ = {isa = PBXFileReference; fileEncoding = 4; lastKnownFileType = sourcecode.swift; path = BaseController.swift; sourceTree = "<group>"; };
		0FB9A08020D6DC1C00C57EF0 /* ScaleInFlowLayout.swift */ = {isa = PBXFileReference; fileEncoding = 4; lastKnownFileType = sourcecode.swift; path = ScaleInFlowLayout.swift; sourceTree = "<group>"; };
		0FB9A08120D6DC1C00C57EF0 /* DynamicAnimatorLayout.swift */ = {isa = PBXFileReference; fileEncoding = 4; lastKnownFileType = sourcecode.swift; path = DynamicAnimatorLayout.swift; sourceTree = "<group>"; };
		0FB9A08220D6DC1C00C57EF0 /* ScalingCell.swift */ = {isa = PBXFileReference; fileEncoding = 4; lastKnownFileType = sourcecode.swift; path = ScalingCell.swift; sourceTree = "<group>"; };
		0FB9A08920D6DC2600C57EF0 /* Assets.xcassets */ = {isa = PBXFileReference; lastKnownFileType = folder.assetcatalog; path = Assets.xcassets; sourceTree = "<group>"; };
		0FB9A08B20D6DC2600C57EF0 /* Base */ = {isa = PBXFileReference; lastKnownFileType = file.storyboard; name = Base; path = Base.lproj/LaunchScreen.storyboard; sourceTree = "<group>"; };
		0FB9A08C20D6DC2600C57EF0 /* Info.plist */ = {isa = PBXFileReference; fileEncoding = 4; lastKnownFileType = text.plist.xml; path = Info.plist; sourceTree = "<group>"; };
		F4B9B76F1F9BCA6100747506 /* ScalingCarousel.app */ = {isa = PBXFileReference; explicitFileType = wrapper.application; includeInIndex = 0; path = ScalingCarousel.app; sourceTree = BUILT_PRODUCTS_DIR; };
/* End PBXFileReference section */

/* Begin PBXFrameworksBuildPhase section */
		F4B9B76C1F9BCA6100747506 /* Frameworks */ = {
			isa = PBXFrameworksBuildPhase;
			buildActionMask = 2147483647;
			files = (
			);
			runOnlyForDeploymentPostprocessing = 0;
		};
/* End PBXFrameworksBuildPhase section */

/* Begin PBXGroup section */
		0FB9A07620D6DBFE00C57EF0 /* Source */ = {
			isa = PBXGroup;
			children = (
				0FB9A07720D6DC1B00C57EF0 /* AppDelegate.swift */,
				0FB9A07920D6DC1C00C57EF0 /* ViewController.swift */,
				0FB9A07D20D6DC1C00C57EF0 /* Carousel */,
			);
			name = Source;
			path = "New Group";
			sourceTree = "<group>";
		};
		0FB9A07D20D6DC1C00C57EF0 /* Carousel */ = {
			isa = PBXGroup;
			children = (
				0FB9A07E20D6DC1C00C57EF0 /* ScaleInFlowAttributes.swift */,
				0FB9A07F20D6DC1C00C57EF0 /* BaseController.swift */,
				0FB9A08020D6DC1C00C57EF0 /* ScaleInFlowLayout.swift */,
				0FB9A08120D6DC1C00C57EF0 /* DynamicAnimatorLayout.swift */,
				0FB9A08220D6DC1C00C57EF0 /* ScalingCell.swift */,
			);
			name = Carousel;
			path = Source/Carousel;
			sourceTree = SOURCE_ROOT;
		};
		0FB9A08820D6DC2600C57EF0 /* Resources */ = {
			isa = PBXGroup;
			children = (
				0FB9A08920D6DC2600C57EF0 /* Assets.xcassets */,
				0FB9A08A20D6DC2600C57EF0 /* LaunchScreen.storyboard */,
				0FB9A08C20D6DC2600C57EF0 /* Info.plist */,
			);
			path = Resources;
			sourceTree = "<group>";
		};
		F4B9B7661F9BCA6100747506 = {
			isa = PBXGroup;
			children = (
				0FB9A07620D6DBFE00C57EF0 /* Source */,
				0FB9A08820D6DC2600C57EF0 /* Resources */,
				F4B9B7701F9BCA6100747506 /* Products */,
			);
			sourceTree = "<group>";
		};
		F4B9B7701F9BCA6100747506 /* Products */ = {
			isa = PBXGroup;
			children = (
				F4B9B76F1F9BCA6100747506 /* ScalingCarousel.app */,
			);
			name = Products;
			sourceTree = "<group>";
		};
/* End PBXGroup section */

/* Begin PBXNativeTarget section */
		F4B9B76E1F9BCA6100747506 /* ScalingCarousel */ = {
			isa = PBXNativeTarget;
			buildConfigurationList = F4B9B7811F9BCA6100747506 /* Build configuration list for PBXNativeTarget "ScalingCarousel" */;
			buildPhases = (
				F4B9B76B1F9BCA6100747506 /* Sources */,
				F4B9B76C1F9BCA6100747506 /* Frameworks */,
				F4B9B76D1F9BCA6100747506 /* Resources */,
			);
			buildRules = (
			);
			dependencies = (
			);
			name = ScalingCarousel;
			productName = ScalingCarousel;
			productReference = F4B9B76F1F9BCA6100747506 /* ScalingCarousel.app */;
			productType = "com.apple.product-type.application";
		};
/* End PBXNativeTarget section */

/* Begin PBXProject section */
		F4B9B7671F9BCA6100747506 /* Project object */ = {
			isa = PBXProject;
			attributes = {
				LastSwiftUpdateCheck = 0900;
				LastUpgradeCheck = 0940;
				ORGANIZATIONNAME = RGA;
				TargetAttributes = {
					F4B9B76E1F9BCA6100747506 = {
						CreatedOnToolsVersion = 9.0.1;
						LastSwiftMigration = 0940;
						ProvisioningStyle = Automatic;
					};
				};
			};
			buildConfigurationList = F4B9B76A1F9BCA6100747506 /* Build configuration list for PBXProject "ScalingCarousel" */;
			compatibilityVersion = "Xcode 8.0";
			developmentRegion = en;
			hasScannedForEncodings = 0;
			knownRegions = (
				en,
				Base,
			);
			mainGroup = F4B9B7661F9BCA6100747506;
			productRefGroup = F4B9B7701F9BCA6100747506 /* Products */;
			projectDirPath = "";
			projectRoot = "";
			targets = (
				F4B9B76E1F9BCA6100747506 /* ScalingCarousel */,
			);
		};
/* End PBXProject section */

/* Begin PBXResourcesBuildPhase section */
		F4B9B76D1F9BCA6100747506 /* Resources */ = {
			isa = PBXResourcesBuildPhase;
			buildActionMask = 2147483647;
			files = (
				0FB9A08D20D6DC2600C57EF0 /* Assets.xcassets in Resources */,
				0FB9A08E20D6DC2600C57EF0 /* LaunchScreen.storyboard in Resources */,
			);
			runOnlyForDeploymentPostprocessing = 0;
		};
/* End PBXResourcesBuildPhase section */

/* Begin PBXSourcesBuildPhase section */
		F4B9B76B1F9BCA6100747506 /* Sources */ = {
			isa = PBXSourcesBuildPhase;
			buildActionMask = 2147483647;
			files = (
				0FB9A08520D6DC1C00C57EF0 /* ScaleInFlowLayout.swift in Sources */,
				0FB9A07C20D6DC1C00C57EF0 /* ViewController.swift in Sources */,
				0FB9A07A20D6DC1C00C57EF0 /* AppDelegate.swift in Sources */,
				0FB9A08420D6DC1C00C57EF0 /* BaseController.swift in Sources */,
				0FB9A08720D6DC1C00C57EF0 /* ScalingCell.swift in Sources */,
				0FB9A08620D6DC1C00C57EF0 /* DynamicAnimatorLayout.swift in Sources */,
				0FB9A08320D6DC1C00C57EF0 /* ScaleInFlowAttributes.swift in Sources */,
			);
			runOnlyForDeploymentPostprocessing = 0;
		};
/* End PBXSourcesBuildPhase section */

/* Begin PBXVariantGroup section */
		0FB9A08A20D6DC2600C57EF0 /* LaunchScreen.storyboard */ = {
			isa = PBXVariantGroup;
			children = (
				0FB9A08B20D6DC2600C57EF0 /* Base */,
			);
			name = LaunchScreen.storyboard;
			sourceTree = "<group>";
		};
/* End PBXVariantGroup section */

/* Begin XCBuildConfiguration section */
		F4B9B77F1F9BCA6100747506 /* Debug */ = {
			isa = XCBuildConfiguration;
			buildSettings = {
				ALWAYS_SEARCH_USER_PATHS = NO;
				CLANG_ANALYZER_NONNULL = YES;
				CLANG_ANALYZER_NUMBER_OBJECT_CONVERSION = YES_AGGRESSIVE;
				CLANG_CXX_LANGUAGE_STANDARD = "gnu++14";
				CLANG_CXX_LIBRARY = "libc++";
				CLANG_ENABLE_MODULES = YES;
				CLANG_ENABLE_OBJC_ARC = YES;
				CLANG_WARN_BLOCK_CAPTURE_AUTORELEASING = YES;
				CLANG_WARN_BOOL_CONVERSION = YES;
				CLANG_WARN_COMMA = YES;
				CLANG_WARN_CONSTANT_CONVERSION = YES;
				CLANG_WARN_DEPRECATED_OBJC_IMPLEMENTATIONS = YES;
				CLANG_WARN_DIRECT_OBJC_ISA_USAGE = YES_ERROR;
				CLANG_WARN_DOCUMENTATION_COMMENTS = YES;
				CLANG_WARN_EMPTY_BODY = YES;
				CLANG_WARN_ENUM_CONVERSION = YES;
				CLANG_WARN_INFINITE_RECURSION = YES;
				CLANG_WARN_INT_CONVERSION = YES;
				CLANG_WARN_NON_LITERAL_NULL_CONVERSION = YES;
				CLANG_WARN_OBJC_IMPLICIT_RETAIN_SELF = YES;
				CLANG_WARN_OBJC_LITERAL_CONVERSION = YES;
				CLANG_WARN_OBJC_ROOT_CLASS = YES_ERROR;
				CLANG_WARN_RANGE_LOOP_ANALYSIS = YES;
				CLANG_WARN_STRICT_PROTOTYPES = YES;
				CLANG_WARN_SUSPICIOUS_MOVE = YES;
				CLANG_WARN_UNGUARDED_AVAILABILITY = YES_AGGRESSIVE;
				CLANG_WARN_UNREACHABLE_CODE = YES;
				CLANG_WARN__DUPLICATE_METHOD_MATCH = YES;
				CODE_SIGN_IDENTITY = "iPhone Developer";
				COPY_PHASE_STRIP = NO;
				DEBUG_INFORMATION_FORMAT = dwarf;
				ENABLE_STRICT_OBJC_MSGSEND = YES;
				ENABLE_TESTABILITY = YES;
				GCC_C_LANGUAGE_STANDARD = gnu11;
				GCC_DYNAMIC_NO_PIC = NO;
				GCC_NO_COMMON_BLOCKS = YES;
				GCC_OPTIMIZATION_LEVEL = 0;
				GCC_PREPROCESSOR_DEFINITIONS = (
					"DEBUG=1",
					"$(inherited)",
				);
				GCC_WARN_64_TO_32_BIT_CONVERSION = YES;
				GCC_WARN_ABOUT_RETURN_TYPE = YES_ERROR;
				GCC_WARN_UNDECLARED_SELECTOR = YES;
				GCC_WARN_UNINITIALIZED_AUTOS = YES_AGGRESSIVE;
				GCC_WARN_UNUSED_FUNCTION = YES;
				GCC_WARN_UNUSED_VARIABLE = YES;
				IPHONEOS_DEPLOYMENT_TARGET = 11.0;
				MTL_ENABLE_DEBUG_INFO = YES;
				ONLY_ACTIVE_ARCH = YES;
				SDKROOT = iphoneos;
				SWIFT_ACTIVE_COMPILATION_CONDITIONS = DEBUG;
				SWIFT_OPTIMIZATION_LEVEL = "-Onone";
			};
			name = Debug;
		};
		F4B9B7801F9BCA6100747506 /* Release */ = {
			isa = XCBuildConfiguration;
			buildSettings = {
				ALWAYS_SEARCH_USER_PATHS = NO;
				CLANG_ANALYZER_NONNULL = YES;
				CLANG_ANALYZER_NUMBER_OBJECT_CONVERSION = YES_AGGRESSIVE;
				CLANG_CXX_LANGUAGE_STANDARD = "gnu++14";
				CLANG_CXX_LIBRARY = "libc++";
				CLANG_ENABLE_MODULES = YES;
				CLANG_ENABLE_OBJC_ARC = YES;
				CLANG_WARN_BLOCK_CAPTURE_AUTORELEASING = YES;
				CLANG_WARN_BOOL_CONVERSION = YES;
				CLANG_WARN_COMMA = YES;
				CLANG_WARN_CONSTANT_CONVERSION = YES;
				CLANG_WARN_DEPRECATED_OBJC_IMPLEMENTATIONS = YES;
				CLANG_WARN_DIRECT_OBJC_ISA_USAGE = YES_ERROR;
				CLANG_WARN_DOCUMENTATION_COMMENTS = YES;
				CLANG_WARN_EMPTY_BODY = YES;
				CLANG_WARN_ENUM_CONVERSION = YES;
				CLANG_WARN_INFINITE_RECURSION = YES;
				CLANG_WARN_INT_CONVERSION = YES;
				CLANG_WARN_NON_LITERAL_NULL_CONVERSION = YES;
				CLANG_WARN_OBJC_IMPLICIT_RETAIN_SELF = YES;
				CLANG_WARN_OBJC_LITERAL_CONVERSION = YES;
				CLANG_WARN_OBJC_ROOT_CLASS = YES_ERROR;
				CLANG_WARN_RANGE_LOOP_ANALYSIS = YES;
				CLANG_WARN_STRICT_PROTOTYPES = YES;
				CLANG_WARN_SUSPICIOUS_MOVE = YES;
				CLANG_WARN_UNGUARDED_AVAILABILITY = YES_AGGRESSIVE;
				CLANG_WARN_UNREACHABLE_CODE = YES;
				CLANG_WARN__DUPLICATE_METHOD_MATCH = YES;
				CODE_SIGN_IDENTITY = "iPhone Developer";
				COPY_PHASE_STRIP = NO;
				DEBUG_INFORMATION_FORMAT = "dwarf-with-dsym";
				ENABLE_NS_ASSERTIONS = NO;
				ENABLE_STRICT_OBJC_MSGSEND = YES;
				GCC_C_LANGUAGE_STANDARD = gnu11;
				GCC_NO_COMMON_BLOCKS = YES;
				GCC_WARN_64_TO_32_BIT_CONVERSION = YES;
				GCC_WARN_ABOUT_RETURN_TYPE = YES_ERROR;
				GCC_WARN_UNDECLARED_SELECTOR = YES;
				GCC_WARN_UNINITIALIZED_AUTOS = YES_AGGRESSIVE;
				GCC_WARN_UNUSED_FUNCTION = YES;
				GCC_WARN_UNUSED_VARIABLE = YES;
				IPHONEOS_DEPLOYMENT_TARGET = 11.0;
				MTL_ENABLE_DEBUG_INFO = NO;
				SDKROOT = iphoneos;
				SWIFT_OPTIMIZATION_LEVEL = "-Owholemodule";
				VALIDATE_PRODUCT = YES;
			};
			name = Release;
		};
		F4B9B7821F9BCA6100747506 /* Debug */ = {
			isa = XCBuildConfiguration;
			buildSettings = {
				ASSETCATALOG_COMPILER_APPICON_NAME = AppIcon;
				CLANG_ENABLE_MODULES = YES;
				CODE_SIGN_STYLE = Automatic;
				DEVELOPMENT_TEAM = 5U69V73RKG;
				INFOPLIST_FILE = "$(SRCROOT)/Resources/Info.plist";
				LD_RUNPATH_SEARCH_PATHS = "$(inherited) @executable_path/Frameworks";
				PRODUCT_BUNDLE_IDENTIFIER = com.rga.ScalingCarousel;
				PRODUCT_NAME = "$(TARGET_NAME)";
				SWIFT_OPTIMIZATION_LEVEL = "-Onone";
				SWIFT_VERSION = 4.0;
				TARGETED_DEVICE_FAMILY = "1,2";
			};
			name = Debug;
		};
		F4B9B7831F9BCA6100747506 /* Release */ = {
			isa = XCBuildConfiguration;
			buildSettings = {
				ASSETCATALOG_COMPILER_APPICON_NAME = AppIcon;
				CLANG_ENABLE_MODULES = YES;
				CODE_SIGN_STYLE = Automatic;
				DEVELOPMENT_TEAM = 5U69V73RKG;
				INFOPLIST_FILE = "$(SRCROOT)/Resources/Info.plist";
				LD_RUNPATH_SEARCH_PATHS = "$(inherited) @executable_path/Frameworks";
				PRODUCT_BUNDLE_IDENTIFIER = com.rga.ScalingCarousel;
				PRODUCT_NAME = "$(TARGET_NAME)";
				SWIFT_VERSION = 4.0;
				TARGETED_DEVICE_FAMILY = "1,2";
			};
			name = Release;
		};
/* End XCBuildConfiguration section */

/* Begin XCConfigurationList section */
		F4B9B76A1F9BCA6100747506 /* Build configuration list for PBXProject "ScalingCarousel" */ = {
			isa = XCConfigurationList;
			buildConfigurations = (
				F4B9B77F1F9BCA6100747506 /* Debug */,
				F4B9B7801F9BCA6100747506 /* Release */,
			);
			defaultConfigurationIsVisible = 0;
			defaultConfigurationName = Release;
		};
		F4B9B7811F9BCA6100747506 /* Build configuration list for PBXNativeTarget "ScalingCarousel" */ = {
			isa = XCConfigurationList;
			buildConfigurations = (
				F4B9B7821F9BCA6100747506 /* Debug */,
				F4B9B7831F9BCA6100747506 /* Release */,
			);
			defaultConfigurationIsVisible = 0;
			defaultConfigurationName = Release;
		};
/* End XCConfigurationList section */
	};
	rootObject = F4B9B7671F9BCA6100747506 /* Project object */;
}
